
Microsoft Visual Studio Solution File, Format Version 12.00
# Visual Studio Version 16
VisualStudioVersion = 16.0.31129.286
MinimumVisualStudioVersion = 10.0.40219.1
Project("{FAE04EC0-301F-11D3-BF4B-00C04F79EFBC}") = "01. Flower Wreaths", "01. Flower Wreaths\01. Flower Wreaths.csproj", "{3F8FB781-6072-43C0-B8CE-3469690D3A4D}"
EndProject
Project("{FAE04EC0-301F-11D3-BF4B-00C04F79EFBC}") = "02. Bee", "02. Bee\02. Bee.csproj", "{8C740AE6-1514-42CE-A8F7-237FDBA51756}"
EndProject
Project("{9A19103F-16F7-4668-BE54-9A1E7A4F7556}") = "03. VetClinic", "03. VetClinic\03. VetClinic.csproj", "{10F0A91B-1E87-430E-A15E-E2477F3253DC}"
EndProject
Global
	GlobalSection(SolutionConfigurationPlatforms) = preSolution
		Debug|Any CPU = Debug|Any CPU
		Release|Any CPU = Release|Any CPU
	EndGlobalSection
	GlobalSection(ProjectConfigurationPlatforms) = postSolution
		{3F8FB781-6072-43C0-B8CE-3469690D3A4D}.Debug|Any CPU.ActiveCfg = Debug|Any CPU
		{3F8FB781-6072-43C0-B8CE-3469690D3A4D}.Debug|Any CPU.Build.0 = Debug|Any CPU
		{3F8FB781-6072-43C0-B8CE-3469690D3A4D}.Release|Any CPU.ActiveCfg = Release|Any CPU
		{3F8FB781-6072-43C0-B8CE-3469690D3A4D}.Release|Any CPU.Build.0 = Release|Any CPU
		{8C740AE6-1514-42CE-A8F7-237FDBA51756}.Debug|Any CPU.ActiveCfg = Debug|Any CPU
		{8C740AE6-1514-42CE-A8F7-237FDBA51756}.Debug|Any CPU.Build.0 = Debug|Any CPU
		{8C740AE6-1514-42CE-A8F7-237FDBA51756}.Release|Any CPU.ActiveCfg = Release|Any CPU
		{8C740AE6-1514-42CE-A8F7-237FDBA51756}.Release|Any CPU.Build.0 = Release|Any CPU
		{10F0A91B-1E87-430E-A15E-E2477F3253DC}.Debug|Any CPU.ActiveCfg = Debug|Any CPU
		{10F0A91B-1E87-430E-A15E-E2477F3253DC}.Debug|Any CPU.Build.0 = Debug|Any CPU
		{10F0A91B-1E87-430E-A15E-E2477F3253DC}.Release|Any CPU.ActiveCfg = Release|Any CPU
		{10F0A91B-1E87-430E-A15E-E2477F3253DC}.Release|Any CPU.Build.0 = Release|Any CPU
	EndGlobalSection
	GlobalSection(SolutionProperties) = preSolution
		HideSolutionNode = FALSE
	EndGlobalSection
	GlobalSection(ExtensibilityGlobals) = postSolution
		SolutionGuid = {3751134A-125F-423E-9B34-B79A08C88A17}
	EndGlobalSection
EndGlobal
