
Microsoft Visual Studio Solution File, Format Version 12.00
# Visual Studio Version 16
VisualStudioVersion = 16.0.31129.286
MinimumVisualStudioVersion = 10.0.40219.1
Project("{9A19103F-16F7-4668-BE54-9A1E7A4F7556}") = "Artillery", "Artillery\Artillery.csproj", "{4D7A101E-C2BC-4775-A01D-E5BCBA520393}"
EndProject
Global
	GlobalSection(SolutionConfigurationPlatforms) = preSolution
		Debug|Any CPU = Debug|Any CPU
		Release|Any CPU = Release|Any CPU
	EndGlobalSection
	GlobalSection(ProjectConfigurationPlatforms) = postSolution
		{4D7A101E-C2BC-4775-A01D-E5BCBA520393}.Debug|Any CPU.ActiveCfg = Debug|Any CPU
		{4D7A101E-C2BC-4775-A01D-E5BCBA520393}.Debug|Any CPU.Build.0 = Debug|Any CPU
		{4D7A101E-C2BC-4775-A01D-E5BCBA520393}.Release|Any CPU.ActiveCfg = Release|Any CPU
		{4D7A101E-C2BC-4775-A01D-E5BCBA520393}.Release|Any CPU.Build.0 = Release|Any CPU
	EndGlobalSection
	GlobalSection(SolutionProperties) = preSolution
		HideSolutionNode = FALSE
	EndGlobalSection
	GlobalSection(ExtensibilityGlobals) = postSolution
		SolutionGuid = {415B8B1A-4EB0-432A-84F9-84A9F5D8D6B5}
	EndGlobalSection
EndGlobal
