
Microsoft Visual Studio Solution File, Format Version 12.00
# Visual Studio Version 16
VisualStudioVersion = 16.0.31129.286
MinimumVisualStudioVersion = 10.0.40219.1
Project("{9A19103F-16F7-4668-BE54-9A1E7A4F7556}") = "SpaceStation", "Business Logic\SpaceStation.csproj", "{A9CCDF68-4630-41DF-904B-FD7B9722597E}"
EndProject
Project("{9A19103F-16F7-4668-BE54-9A1E7A4F7556}") = "HeroRepository.Tests", "Unit Tests\HeroRepository.Tests.csproj", "{D1AE3A2E-436D-494C-9559-C508FBC1261F}"
EndProject
Global
	GlobalSection(SolutionConfigurationPlatforms) = preSolution
		Debug|Any CPU = Debug|Any CPU
		Release|Any CPU = Release|Any CPU
	EndGlobalSection
	GlobalSection(ProjectConfigurationPlatforms) = postSolution
		{A9CCDF68-4630-41DF-904B-FD7B9722597E}.Debug|Any CPU.ActiveCfg = Debug|Any CPU
		{A9CCDF68-4630-41DF-904B-FD7B9722597E}.Debug|Any CPU.Build.0 = Debug|Any CPU
		{A9CCDF68-4630-41DF-904B-FD7B9722597E}.Release|Any CPU.ActiveCfg = Release|Any CPU
		{A9CCDF68-4630-41DF-904B-FD7B9722597E}.Release|Any CPU.Build.0 = Release|Any CPU
		{D1AE3A2E-436D-494C-9559-C508FBC1261F}.Debug|Any CPU.ActiveCfg = Debug|Any CPU
		{D1AE3A2E-436D-494C-9559-C508FBC1261F}.Debug|Any CPU.Build.0 = Debug|Any CPU
		{D1AE3A2E-436D-494C-9559-C508FBC1261F}.Release|Any CPU.ActiveCfg = Release|Any CPU
		{D1AE3A2E-436D-494C-9559-C508FBC1261F}.Release|Any CPU.Build.0 = Release|Any CPU
	EndGlobalSection
	GlobalSection(SolutionProperties) = preSolution
		HideSolutionNode = FALSE
	EndGlobalSection
	GlobalSection(ExtensibilityGlobals) = postSolution
		SolutionGuid = {25101546-5CB9-4B9D-A14B-14A5A5576978}
	EndGlobalSection
EndGlobal
